
Microsoft Visual Studio Solution File, Format Version 12.00
# Visual Studio Version 16
VisualStudioVersion = 16.0.30406.217
MinimumVisualStudioVersion = 10.0.40219.1
Project("{9A19103F-16F7-4668-BE54-9A1E7A4F7556}") = "LukeBot", "LukeBot\LukeBot.csproj", "{31AE6813-99E8-4739-B46A-4F91C62D225F}"
EndProject
Project("{9A19103F-16F7-4668-BE54-9A1E7A4F7556}") = "LukeBot.Common", "LukeBot.Common\LukeBot.Common.csproj", "{E788B775-CF23-4872-893C-4FFF44E09943}"
EndProject
Project("{2150E333-8FDC-42A3-9474-1A3956D46DE8}") = "ROOT", "ROOT", "{63219B98-1CF1-4AEE-9CB1-96F82F953133}"
	ProjectSection(SolutionItems) = preProject
		.gitignore = .gitignore
		nuget.config = nuget.config
	EndProjectSection
EndProject
Project("{2150E333-8FDC-42A3-9474-1A3956D46DE8}") = "Data", "Data", "{10B3DA8C-4D82-4798-8727-26F2C073E513}"
	ProjectSection(SolutionItems) = preProject
		Data\.gitignore = Data\.gitignore
		Data\spotify.client_id.lukebot = Data\spotify.client_id.lukebot
		Data\spotify.client_secret.lukebot = Data\spotify.client_secret.lukebot
		Data\twitch.client_id.lukebot = Data\twitch.client_id.lukebot
		Data\twitch.client_secret.lukebot = Data\twitch.client_secret.lukebot
	EndProjectSection
EndProject
Project("{9A19103F-16F7-4668-BE54-9A1E7A4F7556}") = "LukeBot.Twitch", "LukeBot.Twitch\LukeBot.Twitch.csproj", "{564B1BE4-C13B-4168-A9E4-34061DA82052}"
EndProject
Project("{9A19103F-16F7-4668-BE54-9A1E7A4F7556}") = "LukeBot.UI", "LukeBot.UI\LukeBot.UI.csproj", "{20E971C2-B196-417D-A6FE-DC2831B76B24}"
EndProject
Project("{9A19103F-16F7-4668-BE54-9A1E7A4F7556}") = "LukeBot.Spotify", "LukeBot.Spotify\LukeBot.Spotify.csproj", "{4C3B92FE-CEC2-4321-B1D5-8533255D99DA}"
EndProject
Project("{9A19103F-16F7-4668-BE54-9A1E7A4F7556}") = "LukeBot.CLI", "LukeBot.CLI\LukeBot.CLI.csproj", "{DDC69D3C-B018-4C17-A6C9-6BD2229BAAD2}"
EndProject
Project("{9A19103F-16F7-4668-BE54-9A1E7A4F7556}") = "LukeBot.Auth", "LukeBot.Auth\LukeBot.Auth.csproj", "{DE4E822E-AE4A-4989-A02F-2D263966206E}"
EndProject
Global
	GlobalSection(SolutionConfigurationPlatforms) = preSolution
		Debug|Any CPU = Debug|Any CPU
		Release|Any CPU = Release|Any CPU
		SecureDebug|Any CPU = SecureDebug|Any CPU
	EndGlobalSection
	GlobalSection(ProjectConfigurationPlatforms) = postSolution
		{31AE6813-99E8-4739-B46A-4F91C62D225F}.Debug|Any CPU.ActiveCfg = Debug|Any CPU
		{31AE6813-99E8-4739-B46A-4F91C62D225F}.Debug|Any CPU.Build.0 = Debug|Any CPU
		{31AE6813-99E8-4739-B46A-4F91C62D225F}.Release|Any CPU.ActiveCfg = Release|Any CPU
		{31AE6813-99E8-4739-B46A-4F91C62D225F}.Release|Any CPU.Build.0 = Release|Any CPU
		{31AE6813-99E8-4739-B46A-4F91C62D225F}.SecureDebug|Any CPU.ActiveCfg = SecureDebug|Any CPU
		{31AE6813-99E8-4739-B46A-4F91C62D225F}.SecureDebug|Any CPU.Build.0 = SecureDebug|Any CPU
		{E788B775-CF23-4872-893C-4FFF44E09943}.Debug|Any CPU.ActiveCfg = Debug|Any CPU
		{E788B775-CF23-4872-893C-4FFF44E09943}.Debug|Any CPU.Build.0 = Debug|Any CPU
		{E788B775-CF23-4872-893C-4FFF44E09943}.Release|Any CPU.ActiveCfg = Release|Any CPU
		{E788B775-CF23-4872-893C-4FFF44E09943}.Release|Any CPU.Build.0 = Release|Any CPU
		{E788B775-CF23-4872-893C-4FFF44E09943}.SecureDebug|Any CPU.ActiveCfg = SecureDebug|Any CPU
		{E788B775-CF23-4872-893C-4FFF44E09943}.SecureDebug|Any CPU.Build.0 = SecureDebug|Any CPU
		{564B1BE4-C13B-4168-A9E4-34061DA82052}.Debug|Any CPU.ActiveCfg = Debug|Any CPU
		{564B1BE4-C13B-4168-A9E4-34061DA82052}.Debug|Any CPU.Build.0 = Debug|Any CPU
		{564B1BE4-C13B-4168-A9E4-34061DA82052}.Release|Any CPU.ActiveCfg = Release|Any CPU
		{564B1BE4-C13B-4168-A9E4-34061DA82052}.Release|Any CPU.Build.0 = Release|Any CPU
		{564B1BE4-C13B-4168-A9E4-34061DA82052}.SecureDebug|Any CPU.ActiveCfg = SecureDebug|Any CPU
		{564B1BE4-C13B-4168-A9E4-34061DA82052}.SecureDebug|Any CPU.Build.0 = SecureDebug|Any CPU
		{20E971C2-B196-417D-A6FE-DC2831B76B24}.Debug|Any CPU.ActiveCfg = Debug|Any CPU
		{20E971C2-B196-417D-A6FE-DC2831B76B24}.Debug|Any CPU.Build.0 = Debug|Any CPU
		{20E971C2-B196-417D-A6FE-DC2831B76B24}.Release|Any CPU.ActiveCfg = Release|Any CPU
		{20E971C2-B196-417D-A6FE-DC2831B76B24}.Release|Any CPU.Build.0 = Release|Any CPU
		{20E971C2-B196-417D-A6FE-DC2831B76B24}.SecureDebug|Any CPU.ActiveCfg = SecureDebug|Any CPU
		{20E971C2-B196-417D-A6FE-DC2831B76B24}.SecureDebug|Any CPU.Build.0 = SecureDebug|Any CPU
		{4C3B92FE-CEC2-4321-B1D5-8533255D99DA}.Debug|Any CPU.ActiveCfg = Debug|Any CPU
		{4C3B92FE-CEC2-4321-B1D5-8533255D99DA}.Debug|Any CPU.Build.0 = Debug|Any CPU
		{4C3B92FE-CEC2-4321-B1D5-8533255D99DA}.Release|Any CPU.ActiveCfg = Release|Any CPU
		{4C3B92FE-CEC2-4321-B1D5-8533255D99DA}.Release|Any CPU.Build.0 = Release|Any CPU
		{4C3B92FE-CEC2-4321-B1D5-8533255D99DA}.SecureDebug|Any CPU.ActiveCfg = SecureDebug|Any CPU
		{4C3B92FE-CEC2-4321-B1D5-8533255D99DA}.SecureDebug|Any CPU.Build.0 = SecureDebug|Any CPU
		{DDC69D3C-B018-4C17-A6C9-6BD2229BAAD2}.Debug|Any CPU.ActiveCfg = Debug|Any CPU
		{DDC69D3C-B018-4C17-A6C9-6BD2229BAAD2}.Debug|Any CPU.Build.0 = Debug|Any CPU
		{DDC69D3C-B018-4C17-A6C9-6BD2229BAAD2}.Release|Any CPU.ActiveCfg = Release|Any CPU
		{DDC69D3C-B018-4C17-A6C9-6BD2229BAAD2}.Release|Any CPU.Build.0 = Release|Any CPU
		{DDC69D3C-B018-4C17-A6C9-6BD2229BAAD2}.SecureDebug|Any CPU.ActiveCfg = SecureDebug|Any CPU
		{DDC69D3C-B018-4C17-A6C9-6BD2229BAAD2}.SecureDebug|Any CPU.Build.0 = SecureDebug|Any CPU
		{DE4E822E-AE4A-4989-A02F-2D263966206E}.Debug|Any CPU.ActiveCfg = Debug|Any CPU
		{DE4E822E-AE4A-4989-A02F-2D263966206E}.Debug|Any CPU.Build.0 = Debug|Any CPU
		{DE4E822E-AE4A-4989-A02F-2D263966206E}.Release|Any CPU.ActiveCfg = Release|Any CPU
		{DE4E822E-AE4A-4989-A02F-2D263966206E}.Release|Any CPU.Build.0 = Release|Any CPU
		{DE4E822E-AE4A-4989-A02F-2D263966206E}.SecureDebug|Any CPU.ActiveCfg = Debug|Any CPU
		{DE4E822E-AE4A-4989-A02F-2D263966206E}.SecureDebug|Any CPU.Build.0 = Debug|Any CPU
	EndGlobalSection
	GlobalSection(SolutionProperties) = preSolution
		HideSolutionNode = FALSE
	EndGlobalSection
	GlobalSection(ExtensibilityGlobals) = postSolution
		SolutionGuid = {99F9D361-986B-40DF-8E28-53D52471619B}
	EndGlobalSection
EndGlobal
