
Microsoft Visual Studio Solution File, Format Version 12.00
# Visual Studio Version 17
VisualStudioVersion = 17.0.32002.185
MinimumVisualStudioVersion = 10.0.40219.1
Project("{9A19103F-16F7-4668-BE54-9A1E7A4F7556}") = "LukeBot", "LukeBot\LukeBot.csproj", "{31AE6813-99E8-4739-B46A-4F91C62D225F}"
EndProject
Project("{9A19103F-16F7-4668-BE54-9A1E7A4F7556}") = "LukeBot.Common", "LukeBot.Common\LukeBot.Common.csproj", "{E788B775-CF23-4872-893C-4FFF44E09943}"
EndProject
Project("{2150E333-8FDC-42A3-9474-1A3956D46DE8}") = "ROOT", "ROOT", "{63219B98-1CF1-4AEE-9CB1-96F82F953133}"
	ProjectSection(SolutionItems) = preProject
		.gitignore = .gitignore
		nuget.config = nuget.config
	EndProjectSection
EndProject
Project("{2150E333-8FDC-42A3-9474-1A3956D46DE8}") = "Data", "Data", "{10B3DA8C-4D82-4798-8727-26F2C073E513}"
	ProjectSection(SolutionItems) = preProject
		Data\.gitignore = Data\.gitignore
		Data\spotify.client_id.lukebot = Data\spotify.client_id.lukebot
		Data\spotify.client_secret.lukebot = Data\spotify.client_secret.lukebot
		Data\twitch.client_id.lukebot = Data\twitch.client_id.lukebot
		Data\twitch.client_secret.lukebot = Data\twitch.client_secret.lukebot
	EndProjectSection
EndProject
Project("{9A19103F-16F7-4668-BE54-9A1E7A4F7556}") = "LukeBot.Twitch", "LukeBot.Twitch\LukeBot.Twitch.csproj", "{564B1BE4-C13B-4168-A9E4-34061DA82052}"
	ProjectSection(ProjectDependencies) = postProject
		{93D23CA9-0CBA-4025-8DA9-103283B3887A} = {93D23CA9-0CBA-4025-8DA9-103283B3887A}
	EndProjectSection
EndProject
Project("{9A19103F-16F7-4668-BE54-9A1E7A4F7556}") = "LukeBot.Endpoint", "LukeBot.Endpoint\LukeBot.Endpoint.csproj", "{20E971C2-B196-417D-A6FE-DC2831B76B24}"
EndProject
Project("{9A19103F-16F7-4668-BE54-9A1E7A4F7556}") = "LukeBot.Spotify", "LukeBot.Spotify\LukeBot.Spotify.csproj", "{4C3B92FE-CEC2-4321-B1D5-8533255D99DA}"
	ProjectSection(ProjectDependencies) = postProject
		{93D23CA9-0CBA-4025-8DA9-103283B3887A} = {93D23CA9-0CBA-4025-8DA9-103283B3887A}
	EndProjectSection
EndProject
Project("{9A19103F-16F7-4668-BE54-9A1E7A4F7556}") = "LukeBot.Interface", "LukeBot.Interface\LukeBot.Interface.csproj", "{DDC69D3C-B018-4C17-A6C9-6BD2229BAAD2}"
EndProject
Project("{9A19103F-16F7-4668-BE54-9A1E7A4F7556}") = "LukeBot.API", "LukeBot.API\LukeBot.API.csproj", "{DE4E822E-AE4A-4989-A02F-2D263966206E}"
	ProjectSection(ProjectDependencies) = postProject
		{93D23CA9-0CBA-4025-8DA9-103283B3887A} = {93D23CA9-0CBA-4025-8DA9-103283B3887A}
	EndProjectSection
EndProject
Project("{9A19103F-16F7-4668-BE54-9A1E7A4F7556}") = "LukeBot.Communication", "LukeBot.Communication\LukeBot.Communication.csproj", "{93D23CA9-0CBA-4025-8DA9-103283B3887A}"
EndProject
Project("{2150E333-8FDC-42A3-9474-1A3956D46DE8}") = "Tools", "Tools", "{0EA88F14-0FD2-480F-94F3-2EB65A498D30}"
EndProject
Project("{9A19103F-16F7-4668-BE54-9A1E7A4F7556}") = "SpotifyManager", "Tools\SpotifyManager\SpotifyManager.csproj", "{1FBF5DE7-BCAD-49C2-B3D1-CDEB6004A6F3}"
EndProject
Project("{FAE04EC0-301F-11D3-BF4B-00C04F79EFBC}") = "LukeBot.Twitch.Common", "LukeBot.Twitch.Common\LukeBot.Twitch.Common.csproj", "{1BB0DC54-42CF-46FD-BE38-FB6B7C8D8FF1}"
EndProject
Project("{FAE04EC0-301F-11D3-BF4B-00C04F79EFBC}") = "LukeBot.Spotify.Common", "LukeBot.Spotify.Common\LukeBot.Spotify.Common.csproj", "{283EE86E-47C6-4248-BC2D-BA185CF37A80}"
EndProject
Project("{FAE04EC0-301F-11D3-BF4B-00C04F79EFBC}") = "LukeBot.Communication.Common", "LukeBot.Communication.Common\LukeBot.Communication.Common.csproj", "{5A13C2EA-88E6-4691-986F-57C337DE1EFF}"
EndProject
Project("{FAE04EC0-301F-11D3-BF4B-00C04F79EFBC}") = "LukeBot.Widget", "LukeBot.Widget\LukeBot.Widget.csproj", "{8F60A7EE-B21A-4323-B587-DD171F1A0DFE}"
EndProject
Project("{FAE04EC0-301F-11D3-BF4B-00C04F79EFBC}") = "Tests", "Tools\LukeBot.Tests\LukeBot.Tests.csproj", "{70859DAB-A460-4119-88CA-A5994408328B}"
EndProject
Project("{FAE04EC0-301F-11D3-BF4B-00C04F79EFBC}") = "propmgr", "Tools\propmgr\propmgr.csproj", "{8AD0CB5A-9EED-4967-A738-60EE62922FFF}"
EndProject
Project("{FAE04EC0-301F-11D3-BF4B-00C04F79EFBC}") = "LukeBot.Config", "LukeBot.Config\LukeBot.Config.csproj", "{EA80514F-0F69-4894-9077-572D9522851B}"
EndProject
Project("{FAE04EC0-301F-11D3-BF4B-00C04F79EFBC}") = "LukeBot.Widget.Common", "LukeBot.Widget.Common\LukeBot.Widget.Common.csproj", "{D10E2AA7-867C-45F8-A600-764E58A608FF}"
EndProject
Project("{FAE04EC0-301F-11D3-BF4B-00C04F79EFBC}") = "LukeBot.Module", "LukeBot.Module\LukeBot.Module.csproj", "{5C353428-854A-4F96-BF05-5C64690D3006}"
EndProject
Project("{FAE04EC0-301F-11D3-BF4B-00C04F79EFBC}") = "LukeBot.Logging", "LukeBot.Logging\LukeBot.Logging.csproj", "{C97344BC-C3DB-4080-8DDE-E3EDB755061B}"
EndProject
Project("{FAE04EC0-301F-11D3-BF4B-00C04F79EFBC}") = "LukeBotClient", "LukeBotClient\LukeBotClient.csproj", "{B5926AFF-B8DC-4459-ADC7-F4DF505DD1AF}"
EndProject
Project("{FAE04EC0-301F-11D3-BF4B-00C04F79EFBC}") = "LukeBot.Interface.Protocols", "LukeBot.Interface.Protocols\LukeBot.Interface.Protocols.csproj", "{097919C3-910C-42CE-9653-9BB21A12093F}"
EndProject
Global
	GlobalSection(SolutionConfigurationPlatforms) = preSolution
		Debug|Any CPU = Debug|Any CPU
		Release|Any CPU = Release|Any CPU
		SecureDebug|Any CPU = SecureDebug|Any CPU
	EndGlobalSection
	GlobalSection(ProjectConfigurationPlatforms) = postSolution
		{31AE6813-99E8-4739-B46A-4F91C62D225F}.Debug|Any CPU.ActiveCfg = Debug|Any CPU
		{31AE6813-99E8-4739-B46A-4F91C62D225F}.Debug|Any CPU.Build.0 = Debug|Any CPU
		{31AE6813-99E8-4739-B46A-4F91C62D225F}.Release|Any CPU.ActiveCfg = Release|Any CPU
		{31AE6813-99E8-4739-B46A-4F91C62D225F}.Release|Any CPU.Build.0 = Release|Any CPU
		{31AE6813-99E8-4739-B46A-4F91C62D225F}.SecureDebug|Any CPU.ActiveCfg = SecureDebug|Any CPU
		{31AE6813-99E8-4739-B46A-4F91C62D225F}.SecureDebug|Any CPU.Build.0 = SecureDebug|Any CPU
		{E788B775-CF23-4872-893C-4FFF44E09943}.Debug|Any CPU.ActiveCfg = Debug|Any CPU
		{E788B775-CF23-4872-893C-4FFF44E09943}.Debug|Any CPU.Build.0 = Debug|Any CPU
		{E788B775-CF23-4872-893C-4FFF44E09943}.Release|Any CPU.ActiveCfg = Release|Any CPU
		{E788B775-CF23-4872-893C-4FFF44E09943}.Release|Any CPU.Build.0 = Release|Any CPU
		{E788B775-CF23-4872-893C-4FFF44E09943}.SecureDebug|Any CPU.ActiveCfg = SecureDebug|Any CPU
		{E788B775-CF23-4872-893C-4FFF44E09943}.SecureDebug|Any CPU.Build.0 = SecureDebug|Any CPU
		{564B1BE4-C13B-4168-A9E4-34061DA82052}.Debug|Any CPU.ActiveCfg = Debug|Any CPU
		{564B1BE4-C13B-4168-A9E4-34061DA82052}.Debug|Any CPU.Build.0 = Debug|Any CPU
		{564B1BE4-C13B-4168-A9E4-34061DA82052}.Release|Any CPU.ActiveCfg = Release|Any CPU
		{564B1BE4-C13B-4168-A9E4-34061DA82052}.Release|Any CPU.Build.0 = Release|Any CPU
		{564B1BE4-C13B-4168-A9E4-34061DA82052}.SecureDebug|Any CPU.ActiveCfg = SecureDebug|Any CPU
		{564B1BE4-C13B-4168-A9E4-34061DA82052}.SecureDebug|Any CPU.Build.0 = SecureDebug|Any CPU
		{20E971C2-B196-417D-A6FE-DC2831B76B24}.Debug|Any CPU.ActiveCfg = Debug|Any CPU
		{20E971C2-B196-417D-A6FE-DC2831B76B24}.Debug|Any CPU.Build.0 = Debug|Any CPU
		{20E971C2-B196-417D-A6FE-DC2831B76B24}.Release|Any CPU.ActiveCfg = Release|Any CPU
		{20E971C2-B196-417D-A6FE-DC2831B76B24}.Release|Any CPU.Build.0 = Release|Any CPU
		{20E971C2-B196-417D-A6FE-DC2831B76B24}.SecureDebug|Any CPU.ActiveCfg = SecureDebug|Any CPU
		{20E971C2-B196-417D-A6FE-DC2831B76B24}.SecureDebug|Any CPU.Build.0 = SecureDebug|Any CPU
		{4C3B92FE-CEC2-4321-B1D5-8533255D99DA}.Debug|Any CPU.ActiveCfg = Debug|Any CPU
		{4C3B92FE-CEC2-4321-B1D5-8533255D99DA}.Debug|Any CPU.Build.0 = Debug|Any CPU
		{4C3B92FE-CEC2-4321-B1D5-8533255D99DA}.Release|Any CPU.ActiveCfg = Release|Any CPU
		{4C3B92FE-CEC2-4321-B1D5-8533255D99DA}.Release|Any CPU.Build.0 = Release|Any CPU
		{4C3B92FE-CEC2-4321-B1D5-8533255D99DA}.SecureDebug|Any CPU.ActiveCfg = SecureDebug|Any CPU
		{4C3B92FE-CEC2-4321-B1D5-8533255D99DA}.SecureDebug|Any CPU.Build.0 = SecureDebug|Any CPU
		{DDC69D3C-B018-4C17-A6C9-6BD2229BAAD2}.Debug|Any CPU.ActiveCfg = Debug|Any CPU
		{DDC69D3C-B018-4C17-A6C9-6BD2229BAAD2}.Debug|Any CPU.Build.0 = Debug|Any CPU
		{DDC69D3C-B018-4C17-A6C9-6BD2229BAAD2}.Release|Any CPU.ActiveCfg = Release|Any CPU
		{DDC69D3C-B018-4C17-A6C9-6BD2229BAAD2}.Release|Any CPU.Build.0 = Release|Any CPU
		{DDC69D3C-B018-4C17-A6C9-6BD2229BAAD2}.SecureDebug|Any CPU.ActiveCfg = SecureDebug|Any CPU
		{DDC69D3C-B018-4C17-A6C9-6BD2229BAAD2}.SecureDebug|Any CPU.Build.0 = SecureDebug|Any CPU
		{DE4E822E-AE4A-4989-A02F-2D263966206E}.Debug|Any CPU.ActiveCfg = Debug|Any CPU
		{DE4E822E-AE4A-4989-A02F-2D263966206E}.Debug|Any CPU.Build.0 = Debug|Any CPU
		{DE4E822E-AE4A-4989-A02F-2D263966206E}.Release|Any CPU.ActiveCfg = Release|Any CPU
		{DE4E822E-AE4A-4989-A02F-2D263966206E}.Release|Any CPU.Build.0 = Release|Any CPU
		{DE4E822E-AE4A-4989-A02F-2D263966206E}.SecureDebug|Any CPU.ActiveCfg = SecureDebug|Any CPU
		{DE4E822E-AE4A-4989-A02F-2D263966206E}.SecureDebug|Any CPU.Build.0 = SecureDebug|Any CPU
		{93D23CA9-0CBA-4025-8DA9-103283B3887A}.Debug|Any CPU.ActiveCfg = Debug|Any CPU
		{93D23CA9-0CBA-4025-8DA9-103283B3887A}.Debug|Any CPU.Build.0 = Debug|Any CPU
		{93D23CA9-0CBA-4025-8DA9-103283B3887A}.Release|Any CPU.ActiveCfg = Release|Any CPU
		{93D23CA9-0CBA-4025-8DA9-103283B3887A}.Release|Any CPU.Build.0 = Release|Any CPU
		{93D23CA9-0CBA-4025-8DA9-103283B3887A}.SecureDebug|Any CPU.ActiveCfg = SecureDebug|Any CPU
		{93D23CA9-0CBA-4025-8DA9-103283B3887A}.SecureDebug|Any CPU.Build.0 = SecureDebug|Any CPU
		{1FBF5DE7-BCAD-49C2-B3D1-CDEB6004A6F3}.Debug|Any CPU.ActiveCfg = Debug|Any CPU
		{1FBF5DE7-BCAD-49C2-B3D1-CDEB6004A6F3}.Debug|Any CPU.Build.0 = Debug|Any CPU
		{1FBF5DE7-BCAD-49C2-B3D1-CDEB6004A6F3}.Release|Any CPU.ActiveCfg = Release|Any CPU
		{1FBF5DE7-BCAD-49C2-B3D1-CDEB6004A6F3}.Release|Any CPU.Build.0 = Release|Any CPU
		{1FBF5DE7-BCAD-49C2-B3D1-CDEB6004A6F3}.SecureDebug|Any CPU.ActiveCfg = SecureDebug|Any CPU
		{1FBF5DE7-BCAD-49C2-B3D1-CDEB6004A6F3}.SecureDebug|Any CPU.Build.0 = SecureDebug|Any CPU
		{1BB0DC54-42CF-46FD-BE38-FB6B7C8D8FF1}.Debug|Any CPU.ActiveCfg = Debug|Any CPU
		{1BB0DC54-42CF-46FD-BE38-FB6B7C8D8FF1}.Debug|Any CPU.Build.0 = Debug|Any CPU
		{1BB0DC54-42CF-46FD-BE38-FB6B7C8D8FF1}.Release|Any CPU.ActiveCfg = Release|Any CPU
		{1BB0DC54-42CF-46FD-BE38-FB6B7C8D8FF1}.Release|Any CPU.Build.0 = Release|Any CPU
		{1BB0DC54-42CF-46FD-BE38-FB6B7C8D8FF1}.SecureDebug|Any CPU.ActiveCfg = SecureDebug|Any CPU
		{1BB0DC54-42CF-46FD-BE38-FB6B7C8D8FF1}.SecureDebug|Any CPU.Build.0 = SecureDebug|Any CPU
		{283EE86E-47C6-4248-BC2D-BA185CF37A80}.Debug|Any CPU.ActiveCfg = Debug|Any CPU
		{283EE86E-47C6-4248-BC2D-BA185CF37A80}.Debug|Any CPU.Build.0 = Debug|Any CPU
		{283EE86E-47C6-4248-BC2D-BA185CF37A80}.Release|Any CPU.ActiveCfg = Release|Any CPU
		{283EE86E-47C6-4248-BC2D-BA185CF37A80}.Release|Any CPU.Build.0 = Release|Any CPU
		{283EE86E-47C6-4248-BC2D-BA185CF37A80}.SecureDebug|Any CPU.ActiveCfg = SecureDebug|Any CPU
		{283EE86E-47C6-4248-BC2D-BA185CF37A80}.SecureDebug|Any CPU.Build.0 = SecureDebug|Any CPU
		{5A13C2EA-88E6-4691-986F-57C337DE1EFF}.Debug|Any CPU.ActiveCfg = Debug|Any CPU
		{5A13C2EA-88E6-4691-986F-57C337DE1EFF}.Debug|Any CPU.Build.0 = Debug|Any CPU
		{5A13C2EA-88E6-4691-986F-57C337DE1EFF}.Release|Any CPU.ActiveCfg = Release|Any CPU
		{5A13C2EA-88E6-4691-986F-57C337DE1EFF}.Release|Any CPU.Build.0 = Release|Any CPU
		{5A13C2EA-88E6-4691-986F-57C337DE1EFF}.SecureDebug|Any CPU.ActiveCfg = SecureDebug|Any CPU
		{5A13C2EA-88E6-4691-986F-57C337DE1EFF}.SecureDebug|Any CPU.Build.0 = SecureDebug|Any CPU
		{8F60A7EE-B21A-4323-B587-DD171F1A0DFE}.Debug|Any CPU.ActiveCfg = Debug|Any CPU
		{8F60A7EE-B21A-4323-B587-DD171F1A0DFE}.Debug|Any CPU.Build.0 = Debug|Any CPU
		{8F60A7EE-B21A-4323-B587-DD171F1A0DFE}.Release|Any CPU.ActiveCfg = Release|Any CPU
		{8F60A7EE-B21A-4323-B587-DD171F1A0DFE}.Release|Any CPU.Build.0 = Release|Any CPU
		{8F60A7EE-B21A-4323-B587-DD171F1A0DFE}.SecureDebug|Any CPU.ActiveCfg = SecureDebug|Any CPU
		{8F60A7EE-B21A-4323-B587-DD171F1A0DFE}.SecureDebug|Any CPU.Build.0 = SecureDebug|Any CPU
		{70859DAB-A460-4119-88CA-A5994408328B}.Debug|Any CPU.ActiveCfg = Debug|Any CPU
		{70859DAB-A460-4119-88CA-A5994408328B}.Debug|Any CPU.Build.0 = Debug|Any CPU
		{70859DAB-A460-4119-88CA-A5994408328B}.Release|Any CPU.ActiveCfg = Release|Any CPU
		{70859DAB-A460-4119-88CA-A5994408328B}.Release|Any CPU.Build.0 = Release|Any CPU
		{70859DAB-A460-4119-88CA-A5994408328B}.SecureDebug|Any CPU.ActiveCfg = SecureDebug|Any CPU
		{70859DAB-A460-4119-88CA-A5994408328B}.SecureDebug|Any CPU.Build.0 = SecureDebug|Any CPU
		{8AD0CB5A-9EED-4967-A738-60EE62922FFF}.Debug|Any CPU.ActiveCfg = Debug|Any CPU
		{8AD0CB5A-9EED-4967-A738-60EE62922FFF}.Debug|Any CPU.Build.0 = Debug|Any CPU
		{8AD0CB5A-9EED-4967-A738-60EE62922FFF}.Release|Any CPU.ActiveCfg = Release|Any CPU
		{8AD0CB5A-9EED-4967-A738-60EE62922FFF}.Release|Any CPU.Build.0 = Release|Any CPU
		{8AD0CB5A-9EED-4967-A738-60EE62922FFF}.SecureDebug|Any CPU.ActiveCfg = SecureDebug|Any CPU
		{8AD0CB5A-9EED-4967-A738-60EE62922FFF}.SecureDebug|Any CPU.Build.0 = SecureDebug|Any CPU
		{EA80514F-0F69-4894-9077-572D9522851B}.Debug|Any CPU.ActiveCfg = Debug|Any CPU
		{EA80514F-0F69-4894-9077-572D9522851B}.Debug|Any CPU.Build.0 = Debug|Any CPU
		{EA80514F-0F69-4894-9077-572D9522851B}.Release|Any CPU.ActiveCfg = Release|Any CPU
		{EA80514F-0F69-4894-9077-572D9522851B}.Release|Any CPU.Build.0 = Release|Any CPU
		{EA80514F-0F69-4894-9077-572D9522851B}.SecureDebug|Any CPU.ActiveCfg = SecureDebug|Any CPU
		{EA80514F-0F69-4894-9077-572D9522851B}.SecureDebug|Any CPU.Build.0 = SecureDebug|Any CPU
		{D10E2AA7-867C-45F8-A600-764E58A608FF}.Debug|Any CPU.ActiveCfg = Debug|Any CPU
		{D10E2AA7-867C-45F8-A600-764E58A608FF}.Debug|Any CPU.Build.0 = Debug|Any CPU
		{D10E2AA7-867C-45F8-A600-764E58A608FF}.Release|Any CPU.ActiveCfg = Release|Any CPU
		{D10E2AA7-867C-45F8-A600-764E58A608FF}.Release|Any CPU.Build.0 = Release|Any CPU
		{D10E2AA7-867C-45F8-A600-764E58A608FF}.SecureDebug|Any CPU.ActiveCfg = SecureDebug|Any CPU
		{D10E2AA7-867C-45F8-A600-764E58A608FF}.SecureDebug|Any CPU.Build.0 = SecureDebug|Any CPU
		{5C353428-854A-4F96-BF05-5C64690D3006}.Debug|Any CPU.ActiveCfg = Debug|Any CPU
		{5C353428-854A-4F96-BF05-5C64690D3006}.Debug|Any CPU.Build.0 = Debug|Any CPU
		{5C353428-854A-4F96-BF05-5C64690D3006}.Release|Any CPU.ActiveCfg = Release|Any CPU
		{5C353428-854A-4F96-BF05-5C64690D3006}.Release|Any CPU.Build.0 = Release|Any CPU
		{5C353428-854A-4F96-BF05-5C64690D3006}.SecureDebug|Any CPU.ActiveCfg = SecureDebug|Any CPU
		{5C353428-854A-4F96-BF05-5C64690D3006}.SecureDebug|Any CPU.Build.0 = SecureDebug|Any CPU
		{C97344BC-C3DB-4080-8DDE-E3EDB755061B}.Debug|Any CPU.ActiveCfg = Debug|Any CPU
		{C97344BC-C3DB-4080-8DDE-E3EDB755061B}.Debug|Any CPU.Build.0 = Debug|Any CPU
		{C97344BC-C3DB-4080-8DDE-E3EDB755061B}.Release|Any CPU.ActiveCfg = Release|Any CPU
		{C97344BC-C3DB-4080-8DDE-E3EDB755061B}.Release|Any CPU.Build.0 = Release|Any CPU
		{C97344BC-C3DB-4080-8DDE-E3EDB755061B}.SecureDebug|Any CPU.ActiveCfg = SecureDebug|Any CPU
		{C97344BC-C3DB-4080-8DDE-E3EDB755061B}.SecureDebug|Any CPU.Build.0 = SecureDebug|Any CPU
		{B5926AFF-B8DC-4459-ADC7-F4DF505DD1AF}.Debug|Any CPU.ActiveCfg = Debug|Any CPU
		{B5926AFF-B8DC-4459-ADC7-F4DF505DD1AF}.Debug|Any CPU.Build.0 = Debug|Any CPU
		{B5926AFF-B8DC-4459-ADC7-F4DF505DD1AF}.Release|Any CPU.ActiveCfg = Release|Any CPU
		{B5926AFF-B8DC-4459-ADC7-F4DF505DD1AF}.Release|Any CPU.Build.0 = Release|Any CPU
		{B5926AFF-B8DC-4459-ADC7-F4DF505DD1AF}.SecureDebug|Any CPU.ActiveCfg = SecureDebug|Any CPU
		{B5926AFF-B8DC-4459-ADC7-F4DF505DD1AF}.SecureDebug|Any CPU.Build.0 = SecureDebug|Any CPU
		{097919C3-910C-42CE-9653-9BB21A12093F}.Debug|Any CPU.ActiveCfg = Debug|Any CPU
		{097919C3-910C-42CE-9653-9BB21A12093F}.Debug|Any CPU.Build.0 = Debug|Any CPU
		{097919C3-910C-42CE-9653-9BB21A12093F}.Release|Any CPU.ActiveCfg = Release|Any CPU
		{097919C3-910C-42CE-9653-9BB21A12093F}.Release|Any CPU.Build.0 = Release|Any CPU
		{097919C3-910C-42CE-9653-9BB21A12093F}.SecureDebug|Any CPU.ActiveCfg = Debug|Any CPU
		{097919C3-910C-42CE-9653-9BB21A12093F}.SecureDebug|Any CPU.Build.0 = Debug|Any CPU
	EndGlobalSection
	GlobalSection(SolutionProperties) = preSolution
		HideSolutionNode = FALSE
	EndGlobalSection
	GlobalSection(NestedProjects) = preSolution
		{1FBF5DE7-BCAD-49C2-B3D1-CDEB6004A6F3} = {0EA88F14-0FD2-480F-94F3-2EB65A498D30}
		{70859DAB-A460-4119-88CA-A5994408328B} = {0EA88F14-0FD2-480F-94F3-2EB65A498D30}
		{8AD0CB5A-9EED-4967-A738-60EE62922FFF} = {0EA88F14-0FD2-480F-94F3-2EB65A498D30}
	EndGlobalSection
	GlobalSection(ExtensibilityGlobals) = postSolution
		SolutionGuid = {99F9D361-986B-40DF-8E28-53D52471619B}
	EndGlobalSection
EndGlobal
