
Microsoft Visual Studio Solution File, Format Version 12.00
# Visual Studio Version 16
VisualStudioVersion = 16.0.30406.217
MinimumVisualStudioVersion = 10.0.40219.1
Project("{9A19103F-16F7-4668-BE54-9A1E7A4F7556}") = "LukeBot", "LukeBot\LukeBot.csproj", "{31AE6813-99E8-4739-B46A-4F91C62D225F}"
EndProject
Project("{9A19103F-16F7-4668-BE54-9A1E7A4F7556}") = "LukeBot.Common", "LukeBot.Common\LukeBot.Common.csproj", "{E788B775-CF23-4872-893C-4FFF44E09943}"
EndProject
Project("{2150E333-8FDC-42A3-9474-1A3956D46DE8}") = "ROOT", "ROOT", "{63219B98-1CF1-4AEE-9CB1-96F82F953133}"
	ProjectSection(SolutionItems) = preProject
		.gitignore = .gitignore
	EndProjectSection
EndProject
Project("{2150E333-8FDC-42A3-9474-1A3956D46DE8}") = "Data", "Data", "{10B3DA8C-4D82-4798-8727-26F2C073E513}"
	ProjectSection(SolutionItems) = preProject
		Data\.gitignore = Data\.gitignore
	EndProjectSection
EndProject
Project("{9A19103F-16F7-4668-BE54-9A1E7A4F7556}") = "LukeBot.Twitch", "LukeBot.Twitch\LukeBot.Twitch.csproj", "{564B1BE4-C13B-4168-A9E4-34061DA82052}"
EndProject
Project("{FAE04EC0-301F-11D3-BF4B-00C04F79EFBC}") = "LukeBot.UI", "LukeBot.UI\LukeBot.UI.csproj", "{20E971C2-B196-417D-A6FE-DC2831B76B24}"
EndProject
Global
	GlobalSection(SolutionConfigurationPlatforms) = preSolution
		Debug|Any CPU = Debug|Any CPU
		Release|Any CPU = Release|Any CPU
	EndGlobalSection
	GlobalSection(ProjectConfigurationPlatforms) = postSolution
		{31AE6813-99E8-4739-B46A-4F91C62D225F}.Debug|Any CPU.ActiveCfg = Debug|Any CPU
		{31AE6813-99E8-4739-B46A-4F91C62D225F}.Debug|Any CPU.Build.0 = Debug|Any CPU
		{31AE6813-99E8-4739-B46A-4F91C62D225F}.Release|Any CPU.ActiveCfg = Release|Any CPU
		{31AE6813-99E8-4739-B46A-4F91C62D225F}.Release|Any CPU.Build.0 = Release|Any CPU
		{E788B775-CF23-4872-893C-4FFF44E09943}.Debug|Any CPU.ActiveCfg = Debug|Any CPU
		{E788B775-CF23-4872-893C-4FFF44E09943}.Debug|Any CPU.Build.0 = Debug|Any CPU
		{E788B775-CF23-4872-893C-4FFF44E09943}.Release|Any CPU.ActiveCfg = Release|Any CPU
		{E788B775-CF23-4872-893C-4FFF44E09943}.Release|Any CPU.Build.0 = Release|Any CPU
		{564B1BE4-C13B-4168-A9E4-34061DA82052}.Debug|Any CPU.ActiveCfg = Debug|Any CPU
		{564B1BE4-C13B-4168-A9E4-34061DA82052}.Debug|Any CPU.Build.0 = Debug|Any CPU
		{564B1BE4-C13B-4168-A9E4-34061DA82052}.Release|Any CPU.ActiveCfg = Release|Any CPU
		{564B1BE4-C13B-4168-A9E4-34061DA82052}.Release|Any CPU.Build.0 = Release|Any CPU
		{20E971C2-B196-417D-A6FE-DC2831B76B24}.Debug|Any CPU.ActiveCfg = Debug|Any CPU
		{20E971C2-B196-417D-A6FE-DC2831B76B24}.Debug|Any CPU.Build.0 = Debug|Any CPU
		{20E971C2-B196-417D-A6FE-DC2831B76B24}.Release|Any CPU.ActiveCfg = Release|Any CPU
		{20E971C2-B196-417D-A6FE-DC2831B76B24}.Release|Any CPU.Build.0 = Release|Any CPU
	EndGlobalSection
	GlobalSection(SolutionProperties) = preSolution
		HideSolutionNode = FALSE
	EndGlobalSection
	GlobalSection(ExtensibilityGlobals) = postSolution
		SolutionGuid = {99F9D361-986B-40DF-8E28-53D52471619B}
	EndGlobalSection
EndGlobal
